
Microsoft Visual Studio Solution File, Format Version 12.00
# Visual Studio 15
VisualStudioVersion = 15.0.28010.2036
MinimumVisualStudioVersion = 10.0.40219.1
Project("{9A19103F-16F7-4668-BE54-9A1E7A4F7556}") = "BankAccount", "CSharOOPBasics\BankAccount.csproj", "{129A407F-6063-44BE-AA12-3A81855271E1}"
EndProject
Project("{2150E333-8FDC-42A3-9474-1A3956D46DE8}") = "Defining Classes - Lab", "Defining Classes - Lab", "{FA0F2556-CF99-49D4-8031-35B9B5AD8511}"
EndProject
Project("{9A19103F-16F7-4668-BE54-9A1E7A4F7556}") = "BankAccountMethods", "BankAccountMethods\BankAccountMethods.csproj", "{68662F5B-C7FA-49D9-8193-87B5EB19707A}"
EndProject
Project("{9A19103F-16F7-4668-BE54-9A1E7A4F7556}") = "TestClient", "TestClient\TestClient.csproj", "{6D3FCEC6-427E-4271-8469-1D68540A9CE6}"
EndProject
Project("{2150E333-8FDC-42A3-9474-1A3956D46DE8}") = "Defining Classes - Exercise", "Defining Classes - Exercise", "{C883A845-D358-4F52-81EF-5D34A3356AE5}"
EndProject
Project("{9A19103F-16F7-4668-BE54-9A1E7A4F7556}") = "DefineAClassPerson", "DefineAClassPerson\DefineAClassPerson.csproj", "{415FA2B9-2C35-411D-8C34-6CE6F08728C3}"
EndProject
Project("{9A19103F-16F7-4668-BE54-9A1E7A4F7556}") = "CreatingConstructors", "CreatingConstructors\CreatingConstructors.csproj", "{93D62C05-12A5-43DF-B93F-48BFECB195BB}"
EndProject
Project("{9A19103F-16F7-4668-BE54-9A1E7A4F7556}") = "OldestFamilyMember", "OldestFamilyMember\OldestFamilyMember.csproj", "{66C3EEDA-4053-4FEC-950D-3E72D9A61D15}"
EndProject
Project("{9A19103F-16F7-4668-BE54-9A1E7A4F7556}") = "OpinionPoll", "OpinionPoll\OpinionPoll.csproj", "{F2DD675B-0687-44CB-AFD9-247B308A5160}"
EndProject
Project("{9A19103F-16F7-4668-BE54-9A1E7A4F7556}") = "DateModifier", "DateModifier\DateModifier.csproj", "{75D6F1C7-AFB3-43BD-B332-E0443950099F}"
EndProject
Project("{9A19103F-16F7-4668-BE54-9A1E7A4F7556}") = "CompanyRoster", "CompanyRoster\CompanyRoster.csproj", "{6FBB8DDB-C2FE-413F-81BF-4405B353999E}"
EndProject
Project("{9A19103F-16F7-4668-BE54-9A1E7A4F7556}") = "SpeedRacing", "SpeedRacing\SpeedRacing.csproj", "{78B657D8-610C-44D2-94FD-EB5115F6F1F4}"
EndProject
Project("{9A19103F-16F7-4668-BE54-9A1E7A4F7556}") = "RawData", "RawData\RawData.csproj", "{976D1D9F-01F7-4E87-98A9-86E79A9618B3}"
EndProject
Project("{9A19103F-16F7-4668-BE54-9A1E7A4F7556}") = "FamilyTree", "FamilyTree\FamilyTree.csproj", "{BC94C1C4-21B2-4A32-8CEF-55D44A05425F}"
EndProject
Project("{9A19103F-16F7-4668-BE54-9A1E7A4F7556}") = "RectangleIntersection", "RectangleIntersection\RectangleIntersection.csproj", "{010AD4A0-B583-42B1-8CDC-4903B655B713}"
EndProject
Project("{9A19103F-16F7-4668-BE54-9A1E7A4F7556}") = "CarSalesman", "CarSalesman\CarSalesman.csproj", "{11F574D9-8E75-434D-8B0B-AEA310C00A5A}"
EndProject
Project("{9A19103F-16F7-4668-BE54-9A1E7A4F7556}") = "PokemonTrainer", "PokemonTrainer\PokemonTrainer.csproj", "{2F35EFDD-BBB3-4327-84AC-5E145FCAA163}"
EndProject
Project("{2150E333-8FDC-42A3-9474-1A3956D46DE8}") = "Working with Abstraction - Exercise", "Working with Abstraction - Exercise", "{3E3A8F57-504B-4441-B7C4-61BD00D75D4D}"
EndProject
Project("{9A19103F-16F7-4668-BE54-9A1E7A4F7556}") = "P01_RawData", "Working-with-Abstraction-Exercises-Resources\P01_RawData\P01_RawData.csproj", "{F347082F-F6E8-495C-AF2A-D5C09E96D3F4}"
EndProject
Project("{9A19103F-16F7-4668-BE54-9A1E7A4F7556}") = "P02_CarsSalesman", "Working-with-Abstraction-Exercises-Resources\P02_CarsSalesman\P02_CarsSalesman.csproj", "{429DDCFA-EC39-4F0E-8FD4-21B6F3648966}"
EndProject
Project("{9A19103F-16F7-4668-BE54-9A1E7A4F7556}") = "P03_JediGalaxy", "Working-with-Abstraction-Exercises-Resources\P03_JediGalaxy\P03_JediGalaxy.csproj", "{9151FF74-22C8-4C75-8667-349DD43B7ACA}"
EndProject
Project("{9A19103F-16F7-4668-BE54-9A1E7A4F7556}") = "P04_Hospital", "Working-with-Abstraction-Exercises-Resources\P04_Hospital\P04_Hospital.csproj", "{272AFADB-D32A-4986-A311-2B22F9AE9F0C}"
EndProject
Project("{9A19103F-16F7-4668-BE54-9A1E7A4F7556}") = "P05_GreedyTimes", "Working-with-Abstraction-Exercises-Resources\P05_GreedyTimes\P05_GreedyTimes.csproj", "{BC0ACE07-91B0-44EB-AB8F-48E7B85D1037}"
EndProject
Project("{9A19103F-16F7-4668-BE54-9A1E7A4F7556}") = "P06_Sneaking", "Working-with-Abstraction-Exercises-Resources\P06_Sneaking\P06_Sneaking.csproj", "{559E3C0A-A6C9-421D-B7FC-1D0F4B049406}"
EndProject
Project("{2150E333-8FDC-42A3-9474-1A3956D46DE8}") = "Encapsulation - Exercise", "Encapsulation - Exercise", "{5B895CF0-4486-43A4-A4DE-7F3B45E4A06E}"
EndProject
Project("{9A19103F-16F7-4668-BE54-9A1E7A4F7556}") = "ClassBox", "ClassBox\ClassBox.csproj", "{81917127-65FF-44CC-8B4C-519048CDEE3F}"
EndProject
Project("{9A19103F-16F7-4668-BE54-9A1E7A4F7556}") = "ClassBoxDataValidation", "ClassBoxDataValidation\ClassBoxDataValidation.csproj", "{C4FB3473-0546-4797-8B07-206A2391C1F3}"
EndProject
Project("{9A19103F-16F7-4668-BE54-9A1E7A4F7556}") = "AnimalFarm", "AnimalFarm\AnimalFarm.csproj", "{1753A3EE-F31F-4F28-A79E-0F756510FA50}"
EndProject
Project("{9A19103F-16F7-4668-BE54-9A1E7A4F7556}") = "ShoppingSpree", "ShoppingSpree\ShoppingSpree.csproj", "{8D6AE1A3-AE71-490F-9149-78CA8D001577}"
EndProject
Project("{9A19103F-16F7-4668-BE54-9A1E7A4F7556}") = "PizzaCalories", "PizzaCalories\PizzaCalories.csproj", "{4417226A-4C69-4EC4-8B4F-27681140B008}"
EndProject
Project("{2150E333-8FDC-42A3-9474-1A3956D46DE8}") = "Inheritance - Exercise", "Inheritance - Exercise", "{0F2D7E05-A61E-405F-936D-2126B3DCC51F}"
EndProject
Project("{FAE04EC0-301F-11D3-BF4B-00C04F79EFBC}") = "Person", "Person\Person.csproj", "{A7B03EA9-DE90-4611-B73D-7846E3653CB7}"
EndProject
Project("{FAE04EC0-301F-11D3-BF4B-00C04F79EFBC}") = "BookShop", "BookShop\BookShop.csproj", "{366CD274-9EEC-4B8C-AEA9-26EB408285E0}"
EndProject
Project("{FAE04EC0-301F-11D3-BF4B-00C04F79EFBC}") = "Mankind", "Mankind\Mankind.csproj", "{8B6165BA-AA15-4F40-99AB-AA0DB53C7BBA}"
EndProject
Project("{FAE04EC0-301F-11D3-BF4B-00C04F79EFBC}") = "OnlineRadioDatabase", "OnlineRadioDatabase\OnlineRadioDatabase.csproj", "{EAB58A44-1DAF-4419-922D-9993B5DF0795}"
EndProject
Project("{FAE04EC0-301F-11D3-BF4B-00C04F79EFBC}") = "Animals", "Animals\Animals.csproj", "{1D091E46-CEF5-4381-9F9A-661AC1002432}"
EndProject
Project("{FAE04EC0-301F-11D3-BF4B-00C04F79EFBC}") = "MordorsCruelPlan", "MordorsCruelPlan\MordorsCruelPlan.csproj", "{3D476164-E5AC-4157-A91B-10018F9427FD}"
EndProject
Project("{2150E333-8FDC-42A3-9474-1A3956D46DE8}") = "Interfaces and Abstraction - Exercise", "Interfaces and Abstraction - Exercise", "{FFF77A77-C2C8-468F-ADD2-43F367A51315}"
EndProject
Project("{FAE04EC0-301F-11D3-BF4B-00C04F79EFBC}") = "DefineAnInterfaceIPerson", "DefineAnInterfaceIPerson\DefineAnInterfaceIPerson.csproj", "{902A64F0-FA80-4D9D-A5C2-050BE9437BA0}"
EndProject
Project("{FAE04EC0-301F-11D3-BF4B-00C04F79EFBC}") = "MultipleImplementation", "MultipleImplementation\MultipleImplementation.csproj", "{156EB2BA-722B-4511-8048-974DEBDD7840}"
EndProject
Project("{FAE04EC0-301F-11D3-BF4B-00C04F79EFBC}") = "Ferrari", "Ferrari\Ferrari.csproj", "{3CE138AA-93EF-46D4-88A7-EB071017F855}"
EndProject
Project("{FAE04EC0-301F-11D3-BF4B-00C04F79EFBC}") = "Telephony", "Telephony\Telephony.csproj", "{880845F4-2ADB-4CF4-8872-903652A7AE16}"
EndProject
Project("{FAE04EC0-301F-11D3-BF4B-00C04F79EFBC}") = "BorderControl", "BorderControl\BorderControl.csproj", "{4F91EBF2-8E3C-4C63-9900-0C349F2E066E}"
EndProject
Project("{FAE04EC0-301F-11D3-BF4B-00C04F79EFBC}") = "BirthdayCelebrations", "BirthdayCelebrations\BirthdayCelebrations.csproj", "{180D5768-98CE-4DA5-9824-D93EC151A1CC}"
EndProject
Project("{FAE04EC0-301F-11D3-BF4B-00C04F79EFBC}") = "FoodShortage", "FoodShortage\FoodShortage.csproj", "{0670AFB8-E118-4EC8-910A-53CBE47EFACF}"
EndProject
Project("{FAE04EC0-301F-11D3-BF4B-00C04F79EFBC}") = "MilitaryElite", "MilitaryElite\MilitaryElite.csproj", "{7440FDEB-4E9C-4964-BEBB-C89780F6E20C}"
EndProject
Project("{FAE04EC0-301F-11D3-BF4B-00C04F79EFBC}") = "ExplicitInterfaces", "ExplicitInterfaces\ExplicitInterfaces.csproj", "{2F568667-9E57-450A-B695-DB141497AA24}"
EndProject
Project("{2150E333-8FDC-42A3-9474-1A3956D46DE8}") = "WorkShop - Snake", "WorkShop - Snake", "{99679CE7-EDA9-4981-A661-ACE1E80779F4}"
EndProject
Project("{9A19103F-16F7-4668-BE54-9A1E7A4F7556}") = "SimpleSnake", "06. CSharp-OOP-Basics-Workshop-SimpleSnake\SimpleSnake\SimpleSnake.csproj", "{75DCDEAD-8742-4DD4-B9F0-3E8EA22A38DB}"
EndProject
Global
	GlobalSection(SolutionConfigurationPlatforms) = preSolution
		Debug|Any CPU = Debug|Any CPU
		Release|Any CPU = Release|Any CPU
	EndGlobalSection
	GlobalSection(ProjectConfigurationPlatforms) = postSolution
		{129A407F-6063-44BE-AA12-3A81855271E1}.Debug|Any CPU.ActiveCfg = Debug|Any CPU
		{129A407F-6063-44BE-AA12-3A81855271E1}.Debug|Any CPU.Build.0 = Debug|Any CPU
		{129A407F-6063-44BE-AA12-3A81855271E1}.Release|Any CPU.ActiveCfg = Release|Any CPU
		{129A407F-6063-44BE-AA12-3A81855271E1}.Release|Any CPU.Build.0 = Release|Any CPU
		{68662F5B-C7FA-49D9-8193-87B5EB19707A}.Debug|Any CPU.ActiveCfg = Debug|Any CPU
		{68662F5B-C7FA-49D9-8193-87B5EB19707A}.Debug|Any CPU.Build.0 = Debug|Any CPU
		{68662F5B-C7FA-49D9-8193-87B5EB19707A}.Release|Any CPU.ActiveCfg = Release|Any CPU
		{68662F5B-C7FA-49D9-8193-87B5EB19707A}.Release|Any CPU.Build.0 = Release|Any CPU
		{6D3FCEC6-427E-4271-8469-1D68540A9CE6}.Debug|Any CPU.ActiveCfg = Debug|Any CPU
		{6D3FCEC6-427E-4271-8469-1D68540A9CE6}.Debug|Any CPU.Build.0 = Debug|Any CPU
		{6D3FCEC6-427E-4271-8469-1D68540A9CE6}.Release|Any CPU.ActiveCfg = Release|Any CPU
		{6D3FCEC6-427E-4271-8469-1D68540A9CE6}.Release|Any CPU.Build.0 = Release|Any CPU
		{415FA2B9-2C35-411D-8C34-6CE6F08728C3}.Debug|Any CPU.ActiveCfg = Debug|Any CPU
		{415FA2B9-2C35-411D-8C34-6CE6F08728C3}.Debug|Any CPU.Build.0 = Debug|Any CPU
		{415FA2B9-2C35-411D-8C34-6CE6F08728C3}.Release|Any CPU.ActiveCfg = Release|Any CPU
		{415FA2B9-2C35-411D-8C34-6CE6F08728C3}.Release|Any CPU.Build.0 = Release|Any CPU
		{93D62C05-12A5-43DF-B93F-48BFECB195BB}.Debug|Any CPU.ActiveCfg = Debug|Any CPU
		{93D62C05-12A5-43DF-B93F-48BFECB195BB}.Debug|Any CPU.Build.0 = Debug|Any CPU
		{93D62C05-12A5-43DF-B93F-48BFECB195BB}.Release|Any CPU.ActiveCfg = Release|Any CPU
		{93D62C05-12A5-43DF-B93F-48BFECB195BB}.Release|Any CPU.Build.0 = Release|Any CPU
		{66C3EEDA-4053-4FEC-950D-3E72D9A61D15}.Debug|Any CPU.ActiveCfg = Debug|Any CPU
		{66C3EEDA-4053-4FEC-950D-3E72D9A61D15}.Debug|Any CPU.Build.0 = Debug|Any CPU
		{66C3EEDA-4053-4FEC-950D-3E72D9A61D15}.Release|Any CPU.ActiveCfg = Release|Any CPU
		{66C3EEDA-4053-4FEC-950D-3E72D9A61D15}.Release|Any CPU.Build.0 = Release|Any CPU
		{F2DD675B-0687-44CB-AFD9-247B308A5160}.Debug|Any CPU.ActiveCfg = Debug|Any CPU
		{F2DD675B-0687-44CB-AFD9-247B308A5160}.Debug|Any CPU.Build.0 = Debug|Any CPU
		{F2DD675B-0687-44CB-AFD9-247B308A5160}.Release|Any CPU.ActiveCfg = Release|Any CPU
		{F2DD675B-0687-44CB-AFD9-247B308A5160}.Release|Any CPU.Build.0 = Release|Any CPU
		{75D6F1C7-AFB3-43BD-B332-E0443950099F}.Debug|Any CPU.ActiveCfg = Debug|Any CPU
		{75D6F1C7-AFB3-43BD-B332-E0443950099F}.Debug|Any CPU.Build.0 = Debug|Any CPU
		{75D6F1C7-AFB3-43BD-B332-E0443950099F}.Release|Any CPU.ActiveCfg = Release|Any CPU
		{75D6F1C7-AFB3-43BD-B332-E0443950099F}.Release|Any CPU.Build.0 = Release|Any CPU
		{6FBB8DDB-C2FE-413F-81BF-4405B353999E}.Debug|Any CPU.ActiveCfg = Debug|Any CPU
		{6FBB8DDB-C2FE-413F-81BF-4405B353999E}.Debug|Any CPU.Build.0 = Debug|Any CPU
		{6FBB8DDB-C2FE-413F-81BF-4405B353999E}.Release|Any CPU.ActiveCfg = Release|Any CPU
		{6FBB8DDB-C2FE-413F-81BF-4405B353999E}.Release|Any CPU.Build.0 = Release|Any CPU
		{78B657D8-610C-44D2-94FD-EB5115F6F1F4}.Debug|Any CPU.ActiveCfg = Debug|Any CPU
		{78B657D8-610C-44D2-94FD-EB5115F6F1F4}.Debug|Any CPU.Build.0 = Debug|Any CPU
		{78B657D8-610C-44D2-94FD-EB5115F6F1F4}.Release|Any CPU.ActiveCfg = Release|Any CPU
		{78B657D8-610C-44D2-94FD-EB5115F6F1F4}.Release|Any CPU.Build.0 = Release|Any CPU
		{976D1D9F-01F7-4E87-98A9-86E79A9618B3}.Debug|Any CPU.ActiveCfg = Debug|Any CPU
		{976D1D9F-01F7-4E87-98A9-86E79A9618B3}.Debug|Any CPU.Build.0 = Debug|Any CPU
		{976D1D9F-01F7-4E87-98A9-86E79A9618B3}.Release|Any CPU.ActiveCfg = Release|Any CPU
		{976D1D9F-01F7-4E87-98A9-86E79A9618B3}.Release|Any CPU.Build.0 = Release|Any CPU
		{BC94C1C4-21B2-4A32-8CEF-55D44A05425F}.Debug|Any CPU.ActiveCfg = Debug|Any CPU
		{BC94C1C4-21B2-4A32-8CEF-55D44A05425F}.Debug|Any CPU.Build.0 = Debug|Any CPU
		{BC94C1C4-21B2-4A32-8CEF-55D44A05425F}.Release|Any CPU.ActiveCfg = Release|Any CPU
		{BC94C1C4-21B2-4A32-8CEF-55D44A05425F}.Release|Any CPU.Build.0 = Release|Any CPU
		{010AD4A0-B583-42B1-8CDC-4903B655B713}.Debug|Any CPU.ActiveCfg = Debug|Any CPU
		{010AD4A0-B583-42B1-8CDC-4903B655B713}.Debug|Any CPU.Build.0 = Debug|Any CPU
		{010AD4A0-B583-42B1-8CDC-4903B655B713}.Release|Any CPU.ActiveCfg = Release|Any CPU
		{010AD4A0-B583-42B1-8CDC-4903B655B713}.Release|Any CPU.Build.0 = Release|Any CPU
		{11F574D9-8E75-434D-8B0B-AEA310C00A5A}.Debug|Any CPU.ActiveCfg = Debug|Any CPU
		{11F574D9-8E75-434D-8B0B-AEA310C00A5A}.Debug|Any CPU.Build.0 = Debug|Any CPU
		{11F574D9-8E75-434D-8B0B-AEA310C00A5A}.Release|Any CPU.ActiveCfg = Release|Any CPU
		{11F574D9-8E75-434D-8B0B-AEA310C00A5A}.Release|Any CPU.Build.0 = Release|Any CPU
		{2F35EFDD-BBB3-4327-84AC-5E145FCAA163}.Debug|Any CPU.ActiveCfg = Debug|Any CPU
		{2F35EFDD-BBB3-4327-84AC-5E145FCAA163}.Debug|Any CPU.Build.0 = Debug|Any CPU
		{2F35EFDD-BBB3-4327-84AC-5E145FCAA163}.Release|Any CPU.ActiveCfg = Release|Any CPU
		{2F35EFDD-BBB3-4327-84AC-5E145FCAA163}.Release|Any CPU.Build.0 = Release|Any CPU
		{F347082F-F6E8-495C-AF2A-D5C09E96D3F4}.Debug|Any CPU.ActiveCfg = Debug|Any CPU
		{F347082F-F6E8-495C-AF2A-D5C09E96D3F4}.Debug|Any CPU.Build.0 = Debug|Any CPU
		{F347082F-F6E8-495C-AF2A-D5C09E96D3F4}.Release|Any CPU.ActiveCfg = Release|Any CPU
		{F347082F-F6E8-495C-AF2A-D5C09E96D3F4}.Release|Any CPU.Build.0 = Release|Any CPU
		{429DDCFA-EC39-4F0E-8FD4-21B6F3648966}.Debug|Any CPU.ActiveCfg = Debug|Any CPU
		{429DDCFA-EC39-4F0E-8FD4-21B6F3648966}.Debug|Any CPU.Build.0 = Debug|Any CPU
		{429DDCFA-EC39-4F0E-8FD4-21B6F3648966}.Release|Any CPU.ActiveCfg = Release|Any CPU
		{429DDCFA-EC39-4F0E-8FD4-21B6F3648966}.Release|Any CPU.Build.0 = Release|Any CPU
		{9151FF74-22C8-4C75-8667-349DD43B7ACA}.Debug|Any CPU.ActiveCfg = Debug|Any CPU
		{9151FF74-22C8-4C75-8667-349DD43B7ACA}.Debug|Any CPU.Build.0 = Debug|Any CPU
		{9151FF74-22C8-4C75-8667-349DD43B7ACA}.Release|Any CPU.ActiveCfg = Release|Any CPU
		{9151FF74-22C8-4C75-8667-349DD43B7ACA}.Release|Any CPU.Build.0 = Release|Any CPU
		{272AFADB-D32A-4986-A311-2B22F9AE9F0C}.Debug|Any CPU.ActiveCfg = Debug|Any CPU
		{272AFADB-D32A-4986-A311-2B22F9AE9F0C}.Debug|Any CPU.Build.0 = Debug|Any CPU
		{272AFADB-D32A-4986-A311-2B22F9AE9F0C}.Release|Any CPU.ActiveCfg = Release|Any CPU
		{272AFADB-D32A-4986-A311-2B22F9AE9F0C}.Release|Any CPU.Build.0 = Release|Any CPU
		{BC0ACE07-91B0-44EB-AB8F-48E7B85D1037}.Debug|Any CPU.ActiveCfg = Debug|Any CPU
		{BC0ACE07-91B0-44EB-AB8F-48E7B85D1037}.Debug|Any CPU.Build.0 = Debug|Any CPU
		{BC0ACE07-91B0-44EB-AB8F-48E7B85D1037}.Release|Any CPU.ActiveCfg = Release|Any CPU
		{BC0ACE07-91B0-44EB-AB8F-48E7B85D1037}.Release|Any CPU.Build.0 = Release|Any CPU
		{559E3C0A-A6C9-421D-B7FC-1D0F4B049406}.Debug|Any CPU.ActiveCfg = Debug|Any CPU
		{559E3C0A-A6C9-421D-B7FC-1D0F4B049406}.Debug|Any CPU.Build.0 = Debug|Any CPU
		{559E3C0A-A6C9-421D-B7FC-1D0F4B049406}.Release|Any CPU.ActiveCfg = Release|Any CPU
		{559E3C0A-A6C9-421D-B7FC-1D0F4B049406}.Release|Any CPU.Build.0 = Release|Any CPU
		{81917127-65FF-44CC-8B4C-519048CDEE3F}.Debug|Any CPU.ActiveCfg = Debug|Any CPU
		{81917127-65FF-44CC-8B4C-519048CDEE3F}.Debug|Any CPU.Build.0 = Debug|Any CPU
		{81917127-65FF-44CC-8B4C-519048CDEE3F}.Release|Any CPU.ActiveCfg = Release|Any CPU
		{81917127-65FF-44CC-8B4C-519048CDEE3F}.Release|Any CPU.Build.0 = Release|Any CPU
		{C4FB3473-0546-4797-8B07-206A2391C1F3}.Debug|Any CPU.ActiveCfg = Debug|Any CPU
		{C4FB3473-0546-4797-8B07-206A2391C1F3}.Debug|Any CPU.Build.0 = Debug|Any CPU
		{C4FB3473-0546-4797-8B07-206A2391C1F3}.Release|Any CPU.ActiveCfg = Release|Any CPU
		{C4FB3473-0546-4797-8B07-206A2391C1F3}.Release|Any CPU.Build.0 = Release|Any CPU
		{1753A3EE-F31F-4F28-A79E-0F756510FA50}.Debug|Any CPU.ActiveCfg = Debug|Any CPU
		{1753A3EE-F31F-4F28-A79E-0F756510FA50}.Debug|Any CPU.Build.0 = Debug|Any CPU
		{1753A3EE-F31F-4F28-A79E-0F756510FA50}.Release|Any CPU.ActiveCfg = Release|Any CPU
		{1753A3EE-F31F-4F28-A79E-0F756510FA50}.Release|Any CPU.Build.0 = Release|Any CPU
		{8D6AE1A3-AE71-490F-9149-78CA8D001577}.Debug|Any CPU.ActiveCfg = Debug|Any CPU
		{8D6AE1A3-AE71-490F-9149-78CA8D001577}.Debug|Any CPU.Build.0 = Debug|Any CPU
		{8D6AE1A3-AE71-490F-9149-78CA8D001577}.Release|Any CPU.ActiveCfg = Release|Any CPU
		{8D6AE1A3-AE71-490F-9149-78CA8D001577}.Release|Any CPU.Build.0 = Release|Any CPU
		{4417226A-4C69-4EC4-8B4F-27681140B008}.Debug|Any CPU.ActiveCfg = Debug|Any CPU
		{4417226A-4C69-4EC4-8B4F-27681140B008}.Debug|Any CPU.Build.0 = Debug|Any CPU
		{4417226A-4C69-4EC4-8B4F-27681140B008}.Release|Any CPU.ActiveCfg = Release|Any CPU
		{4417226A-4C69-4EC4-8B4F-27681140B008}.Release|Any CPU.Build.0 = Release|Any CPU
		{A7B03EA9-DE90-4611-B73D-7846E3653CB7}.Debug|Any CPU.ActiveCfg = Debug|Any CPU
		{A7B03EA9-DE90-4611-B73D-7846E3653CB7}.Debug|Any CPU.Build.0 = Debug|Any CPU
		{A7B03EA9-DE90-4611-B73D-7846E3653CB7}.Release|Any CPU.ActiveCfg = Release|Any CPU
		{A7B03EA9-DE90-4611-B73D-7846E3653CB7}.Release|Any CPU.Build.0 = Release|Any CPU
		{366CD274-9EEC-4B8C-AEA9-26EB408285E0}.Debug|Any CPU.ActiveCfg = Debug|Any CPU
		{366CD274-9EEC-4B8C-AEA9-26EB408285E0}.Debug|Any CPU.Build.0 = Debug|Any CPU
		{366CD274-9EEC-4B8C-AEA9-26EB408285E0}.Release|Any CPU.ActiveCfg = Release|Any CPU
		{366CD274-9EEC-4B8C-AEA9-26EB408285E0}.Release|Any CPU.Build.0 = Release|Any CPU
		{8B6165BA-AA15-4F40-99AB-AA0DB53C7BBA}.Debug|Any CPU.ActiveCfg = Debug|Any CPU
		{8B6165BA-AA15-4F40-99AB-AA0DB53C7BBA}.Debug|Any CPU.Build.0 = Debug|Any CPU
		{8B6165BA-AA15-4F40-99AB-AA0DB53C7BBA}.Release|Any CPU.ActiveCfg = Release|Any CPU
		{8B6165BA-AA15-4F40-99AB-AA0DB53C7BBA}.Release|Any CPU.Build.0 = Release|Any CPU
		{EAB58A44-1DAF-4419-922D-9993B5DF0795}.Debug|Any CPU.ActiveCfg = Debug|Any CPU
		{EAB58A44-1DAF-4419-922D-9993B5DF0795}.Debug|Any CPU.Build.0 = Debug|Any CPU
		{EAB58A44-1DAF-4419-922D-9993B5DF0795}.Release|Any CPU.ActiveCfg = Release|Any CPU
		{EAB58A44-1DAF-4419-922D-9993B5DF0795}.Release|Any CPU.Build.0 = Release|Any CPU
		{1D091E46-CEF5-4381-9F9A-661AC1002432}.Debug|Any CPU.ActiveCfg = Debug|Any CPU
		{1D091E46-CEF5-4381-9F9A-661AC1002432}.Debug|Any CPU.Build.0 = Debug|Any CPU
		{1D091E46-CEF5-4381-9F9A-661AC1002432}.Release|Any CPU.ActiveCfg = Release|Any CPU
		{1D091E46-CEF5-4381-9F9A-661AC1002432}.Release|Any CPU.Build.0 = Release|Any CPU
		{3D476164-E5AC-4157-A91B-10018F9427FD}.Debug|Any CPU.ActiveCfg = Debug|Any CPU
		{3D476164-E5AC-4157-A91B-10018F9427FD}.Debug|Any CPU.Build.0 = Debug|Any CPU
		{3D476164-E5AC-4157-A91B-10018F9427FD}.Release|Any CPU.ActiveCfg = Release|Any CPU
		{3D476164-E5AC-4157-A91B-10018F9427FD}.Release|Any CPU.Build.0 = Release|Any CPU
		{902A64F0-FA80-4D9D-A5C2-050BE9437BA0}.Debug|Any CPU.ActiveCfg = Debug|Any CPU
		{902A64F0-FA80-4D9D-A5C2-050BE9437BA0}.Debug|Any CPU.Build.0 = Debug|Any CPU
		{902A64F0-FA80-4D9D-A5C2-050BE9437BA0}.Release|Any CPU.ActiveCfg = Release|Any CPU
		{902A64F0-FA80-4D9D-A5C2-050BE9437BA0}.Release|Any CPU.Build.0 = Release|Any CPU
		{156EB2BA-722B-4511-8048-974DEBDD7840}.Debug|Any CPU.ActiveCfg = Debug|Any CPU
		{156EB2BA-722B-4511-8048-974DEBDD7840}.Debug|Any CPU.Build.0 = Debug|Any CPU
		{156EB2BA-722B-4511-8048-974DEBDD7840}.Release|Any CPU.ActiveCfg = Release|Any CPU
		{156EB2BA-722B-4511-8048-974DEBDD7840}.Release|Any CPU.Build.0 = Release|Any CPU
		{3CE138AA-93EF-46D4-88A7-EB071017F855}.Debug|Any CPU.ActiveCfg = Debug|Any CPU
		{3CE138AA-93EF-46D4-88A7-EB071017F855}.Debug|Any CPU.Build.0 = Debug|Any CPU
		{3CE138AA-93EF-46D4-88A7-EB071017F855}.Release|Any CPU.ActiveCfg = Release|Any CPU
		{3CE138AA-93EF-46D4-88A7-EB071017F855}.Release|Any CPU.Build.0 = Release|Any CPU
		{880845F4-2ADB-4CF4-8872-903652A7AE16}.Debug|Any CPU.ActiveCfg = Debug|Any CPU
		{880845F4-2ADB-4CF4-8872-903652A7AE16}.Debug|Any CPU.Build.0 = Debug|Any CPU
		{880845F4-2ADB-4CF4-8872-903652A7AE16}.Release|Any CPU.ActiveCfg = Release|Any CPU
		{880845F4-2ADB-4CF4-8872-903652A7AE16}.Release|Any CPU.Build.0 = Release|Any CPU
		{4F91EBF2-8E3C-4C63-9900-0C349F2E066E}.Debug|Any CPU.ActiveCfg = Debug|Any CPU
		{4F91EBF2-8E3C-4C63-9900-0C349F2E066E}.Debug|Any CPU.Build.0 = Debug|Any CPU
		{4F91EBF2-8E3C-4C63-9900-0C349F2E066E}.Release|Any CPU.ActiveCfg = Release|Any CPU
		{4F91EBF2-8E3C-4C63-9900-0C349F2E066E}.Release|Any CPU.Build.0 = Release|Any CPU
		{180D5768-98CE-4DA5-9824-D93EC151A1CC}.Debug|Any CPU.ActiveCfg = Debug|Any CPU
		{180D5768-98CE-4DA5-9824-D93EC151A1CC}.Debug|Any CPU.Build.0 = Debug|Any CPU
		{180D5768-98CE-4DA5-9824-D93EC151A1CC}.Release|Any CPU.ActiveCfg = Release|Any CPU
		{180D5768-98CE-4DA5-9824-D93EC151A1CC}.Release|Any CPU.Build.0 = Release|Any CPU
		{0670AFB8-E118-4EC8-910A-53CBE47EFACF}.Debug|Any CPU.ActiveCfg = Debug|Any CPU
		{0670AFB8-E118-4EC8-910A-53CBE47EFACF}.Debug|Any CPU.Build.0 = Debug|Any CPU
		{0670AFB8-E118-4EC8-910A-53CBE47EFACF}.Release|Any CPU.ActiveCfg = Release|Any CPU
		{0670AFB8-E118-4EC8-910A-53CBE47EFACF}.Release|Any CPU.Build.0 = Release|Any CPU
		{7440FDEB-4E9C-4964-BEBB-C89780F6E20C}.Debug|Any CPU.ActiveCfg = Debug|Any CPU
		{7440FDEB-4E9C-4964-BEBB-C89780F6E20C}.Debug|Any CPU.Build.0 = Debug|Any CPU
		{7440FDEB-4E9C-4964-BEBB-C89780F6E20C}.Release|Any CPU.ActiveCfg = Release|Any CPU
		{7440FDEB-4E9C-4964-BEBB-C89780F6E20C}.Release|Any CPU.Build.0 = Release|Any CPU
		{2F568667-9E57-450A-B695-DB141497AA24}.Debug|Any CPU.ActiveCfg = Debug|Any CPU
		{2F568667-9E57-450A-B695-DB141497AA24}.Debug|Any CPU.Build.0 = Debug|Any CPU
		{2F568667-9E57-450A-B695-DB141497AA24}.Release|Any CPU.ActiveCfg = Release|Any CPU
		{2F568667-9E57-450A-B695-DB141497AA24}.Release|Any CPU.Build.0 = Release|Any CPU
		{75DCDEAD-8742-4DD4-B9F0-3E8EA22A38DB}.Debug|Any CPU.ActiveCfg = Debug|Any CPU
		{75DCDEAD-8742-4DD4-B9F0-3E8EA22A38DB}.Debug|Any CPU.Build.0 = Debug|Any CPU
		{75DCDEAD-8742-4DD4-B9F0-3E8EA22A38DB}.Release|Any CPU.ActiveCfg = Release|Any CPU
		{75DCDEAD-8742-4DD4-B9F0-3E8EA22A38DB}.Release|Any CPU.Build.0 = Release|Any CPU
	EndGlobalSection
	GlobalSection(SolutionProperties) = preSolution
		HideSolutionNode = FALSE
	EndGlobalSection
	GlobalSection(NestedProjects) = preSolution
		{129A407F-6063-44BE-AA12-3A81855271E1} = {FA0F2556-CF99-49D4-8031-35B9B5AD8511}
		{68662F5B-C7FA-49D9-8193-87B5EB19707A} = {FA0F2556-CF99-49D4-8031-35B9B5AD8511}
		{6D3FCEC6-427E-4271-8469-1D68540A9CE6} = {FA0F2556-CF99-49D4-8031-35B9B5AD8511}
		{415FA2B9-2C35-411D-8C34-6CE6F08728C3} = {C883A845-D358-4F52-81EF-5D34A3356AE5}
		{93D62C05-12A5-43DF-B93F-48BFECB195BB} = {C883A845-D358-4F52-81EF-5D34A3356AE5}
		{66C3EEDA-4053-4FEC-950D-3E72D9A61D15} = {C883A845-D358-4F52-81EF-5D34A3356AE5}
		{F2DD675B-0687-44CB-AFD9-247B308A5160} = {C883A845-D358-4F52-81EF-5D34A3356AE5}
		{75D6F1C7-AFB3-43BD-B332-E0443950099F} = {C883A845-D358-4F52-81EF-5D34A3356AE5}
		{6FBB8DDB-C2FE-413F-81BF-4405B353999E} = {C883A845-D358-4F52-81EF-5D34A3356AE5}
		{78B657D8-610C-44D2-94FD-EB5115F6F1F4} = {C883A845-D358-4F52-81EF-5D34A3356AE5}
		{976D1D9F-01F7-4E87-98A9-86E79A9618B3} = {C883A845-D358-4F52-81EF-5D34A3356AE5}
		{BC94C1C4-21B2-4A32-8CEF-55D44A05425F} = {C883A845-D358-4F52-81EF-5D34A3356AE5}
		{010AD4A0-B583-42B1-8CDC-4903B655B713} = {C883A845-D358-4F52-81EF-5D34A3356AE5}
		{11F574D9-8E75-434D-8B0B-AEA310C00A5A} = {C883A845-D358-4F52-81EF-5D34A3356AE5}
		{2F35EFDD-BBB3-4327-84AC-5E145FCAA163} = {C883A845-D358-4F52-81EF-5D34A3356AE5}
		{F347082F-F6E8-495C-AF2A-D5C09E96D3F4} = {3E3A8F57-504B-4441-B7C4-61BD00D75D4D}
		{429DDCFA-EC39-4F0E-8FD4-21B6F3648966} = {3E3A8F57-504B-4441-B7C4-61BD00D75D4D}
		{9151FF74-22C8-4C75-8667-349DD43B7ACA} = {3E3A8F57-504B-4441-B7C4-61BD00D75D4D}
		{272AFADB-D32A-4986-A311-2B22F9AE9F0C} = {3E3A8F57-504B-4441-B7C4-61BD00D75D4D}
		{BC0ACE07-91B0-44EB-AB8F-48E7B85D1037} = {3E3A8F57-504B-4441-B7C4-61BD00D75D4D}
		{559E3C0A-A6C9-421D-B7FC-1D0F4B049406} = {3E3A8F57-504B-4441-B7C4-61BD00D75D4D}
		{81917127-65FF-44CC-8B4C-519048CDEE3F} = {5B895CF0-4486-43A4-A4DE-7F3B45E4A06E}
		{C4FB3473-0546-4797-8B07-206A2391C1F3} = {5B895CF0-4486-43A4-A4DE-7F3B45E4A06E}
		{1753A3EE-F31F-4F28-A79E-0F756510FA50} = {5B895CF0-4486-43A4-A4DE-7F3B45E4A06E}
		{8D6AE1A3-AE71-490F-9149-78CA8D001577} = {5B895CF0-4486-43A4-A4DE-7F3B45E4A06E}
		{4417226A-4C69-4EC4-8B4F-27681140B008} = {5B895CF0-4486-43A4-A4DE-7F3B45E4A06E}
		{A7B03EA9-DE90-4611-B73D-7846E3653CB7} = {0F2D7E05-A61E-405F-936D-2126B3DCC51F}
		{366CD274-9EEC-4B8C-AEA9-26EB408285E0} = {0F2D7E05-A61E-405F-936D-2126B3DCC51F}
		{8B6165BA-AA15-4F40-99AB-AA0DB53C7BBA} = {0F2D7E05-A61E-405F-936D-2126B3DCC51F}
		{EAB58A44-1DAF-4419-922D-9993B5DF0795} = {0F2D7E05-A61E-405F-936D-2126B3DCC51F}
		{1D091E46-CEF5-4381-9F9A-661AC1002432} = {0F2D7E05-A61E-405F-936D-2126B3DCC51F}
		{3D476164-E5AC-4157-A91B-10018F9427FD} = {0F2D7E05-A61E-405F-936D-2126B3DCC51F}
		{902A64F0-FA80-4D9D-A5C2-050BE9437BA0} = {FFF77A77-C2C8-468F-ADD2-43F367A51315}
		{156EB2BA-722B-4511-8048-974DEBDD7840} = {FFF77A77-C2C8-468F-ADD2-43F367A51315}
		{3CE138AA-93EF-46D4-88A7-EB071017F855} = {FFF77A77-C2C8-468F-ADD2-43F367A51315}
		{880845F4-2ADB-4CF4-8872-903652A7AE16} = {FFF77A77-C2C8-468F-ADD2-43F367A51315}
		{4F91EBF2-8E3C-4C63-9900-0C349F2E066E} = {FFF77A77-C2C8-468F-ADD2-43F367A51315}
		{180D5768-98CE-4DA5-9824-D93EC151A1CC} = {FFF77A77-C2C8-468F-ADD2-43F367A51315}
		{0670AFB8-E118-4EC8-910A-53CBE47EFACF} = {FFF77A77-C2C8-468F-ADD2-43F367A51315}
		{7440FDEB-4E9C-4964-BEBB-C89780F6E20C} = {FFF77A77-C2C8-468F-ADD2-43F367A51315}
		{2F568667-9E57-450A-B695-DB141497AA24} = {FFF77A77-C2C8-468F-ADD2-43F367A51315}
		{75DCDEAD-8742-4DD4-B9F0-3E8EA22A38DB} = {99679CE7-EDA9-4981-A661-ACE1E80779F4}
	EndGlobalSection
	GlobalSection(ExtensibilityGlobals) = postSolution
		SolutionGuid = {6D2EE67A-F57B-45B0-8BF8-B2B29C9A94BD}
	EndGlobalSection
EndGlobal
